
Microsoft Visual Studio Solution File, Format Version 12.00
# Visual Studio Version 16
VisualStudioVersion = 16.0.30406.217
MinimumVisualStudioVersion = 10.0.40219.1
Project("{FAE04EC0-301F-11D3-BF4B-00C04F79EFBC}") = "TaskApi", "TaskApi\TaskApi.csproj", "{AEA0F966-0BEE-463C-95F6-0012B64684CF}"
EndProject
Global
	GlobalSection(SolutionConfigurationPlatforms) = preSolution
		Debug|Any CPU = Debug|Any CPU
		Release|Any CPU = Release|Any CPU
	EndGlobalSection
	GlobalSection(ProjectConfigurationPlatforms) = postSolution
		{AEA0F966-0BEE-463C-95F6-0012B64684CF}.Debug|Any CPU.ActiveCfg = Debug|Any CPU
		{AEA0F966-0BEE-463C-95F6-0012B64684CF}.Debug|Any CPU.Build.0 = Debug|Any CPU
		{AEA0F966-0BEE-463C-95F6-0012B64684CF}.Release|Any CPU.ActiveCfg = Release|Any CPU
		{AEA0F966-0BEE-463C-95F6-0012B64684CF}.Release|Any CPU.Build.0 = Release|Any CPU
	EndGlobalSection
	GlobalSection(SolutionProperties) = preSolution
		HideSolutionNode = FALSE
	EndGlobalSection
	GlobalSection(ExtensibilityGlobals) = postSolution
		SolutionGuid = {C56003B3-38D1-4061-8B36-D88F314C39D2}
	EndGlobalSection
EndGlobal
